// !$*UTF8*$!
{
	archiveVersion = 1;
	classes = {
	};
	objectVersion = 56;
	objects = {

/* Begin PBXBuildFile section */
		B9C1CBCF2AA19E49004A5AC9 /* AppDelegate.swift in Sources */ = {isa = PBXBuildFile; fileRef = B9C1CBCE2AA19E49004A5AC9 /* AppDelegate.swift */; };
		B9C1CBD12AA19E49004A5AC9 /* SceneDelegate.swift in Sources */ = {isa = PBXBuildFile; fileRef = B9C1CBD02AA19E49004A5AC9 /* SceneDelegate.swift */; };
		B9C1CBD32AA19E49004A5AC9 /* ViewController.swift in Sources */ = {isa = PBXBuildFile; fileRef = B9C1CBD22AA19E49004A5AC9 /* ViewController.swift */; };
		B9C1CBD62AA19E49004A5AC9 /* Main.storyboard in Resources */ = {isa = PBXBuildFile; fileRef = B9C1CBD42AA19E49004A5AC9 /* Main.storyboard */; };
		B9C1CBD82AA19E4B004A5AC9 /* Assets.xcassets in Resources */ = {isa = PBXBuildFile; fileRef = B9C1CBD72AA19E4B004A5AC9 /* Assets.xcassets */; };
		B9C1CBDB2AA19E4B004A5AC9 /* LaunchScreen.storyboard in Resources */ = {isa = PBXBuildFile; fileRef = B9C1CBD92AA19E4B004A5AC9 /* LaunchScreen.storyboard */; };
		B9C1CBE62AA19E4B004A5AC9 /* ClimateTests.swift in Sources */ = {isa = PBXBuildFile; fileRef = B9C1CBE52AA19E4B004A5AC9 /* ClimateTests.swift */; };
		B9C1CBF02AA19E4B004A5AC9 /* ClimateUITests.swift in Sources */ = {isa = PBXBuildFile; fileRef = B9C1CBEF2AA19E4B004A5AC9 /* ClimateUITests.swift */; };
		B9C1CBF22AA19E4B004A5AC9 /* ClimateUITestsLaunchTests.swift in Sources */ = {isa = PBXBuildFile; fileRef = B9C1CBF12AA19E4B004A5AC9 /* ClimateUITestsLaunchTests.swift */; };
/* End PBXBuildFile section */

/* Begin PBXContainerItemProxy section */
		B9C1CBE22AA19E4B004A5AC9 /* PBXContainerItemProxy */ = {
			isa = PBXContainerItemProxy;
			containerPortal = B9C1CBC32AA19E48004A5AC9 /* Project object */;
			proxyType = 1;
			remoteGlobalIDString = B9C1CBCA2AA19E48004A5AC9;
			remoteInfo = Climate;
		};
		B9C1CBEC2AA19E4B004A5AC9 /* PBXContainerItemProxy */ = {
			isa = PBXContainerItemProxy;
			containerPortal = B9C1CBC32AA19E48004A5AC9 /* Project object */;
			proxyType = 1;
			remoteGlobalIDString = B9C1CBCA2AA19E48004A5AC9;
			remoteInfo = Climate;
		};
/* End PBXContainerItemProxy section */

/* Begin PBXFileReference section */
		B9C1CBCB2AA19E48004A5AC9 /* Climate.app */ = {isa = PBXFileReference; explicitFileType = wrapper.application; includeInIndex = 0; path = Climate.app; sourceTree = BUILT_PRODUCTS_DIR; };
		B9C1CBCE2AA19E49004A5AC9 /* AppDelegate.swift */ = {isa = PBXFileReference; lastKnownFileType = sourcecode.swift; path = AppDelegate.swift; sourceTree = "<group>"; };
		B9C1CBD02AA19E49004A5AC9 /* SceneDelegate.swift */ = {isa = PBXFileReference; lastKnownFileType = sourcecode.swift; path = SceneDelegate.swift; sourceTree = "<group>"; };
		B9C1CBD22AA19E49004A5AC9 /* ViewController.swift */ = {isa = PBXFileReference; lastKnownFileType = sourcecode.swift; path = ViewController.swift; sourceTree = "<group>"; };
		B9C1CBD52AA19E49004A5AC9 /* Base */ = {isa = PBXFileReference; lastKnownFileType = file.storyboard; name = Base; path = Base.lproj/Main.storyboard; sourceTree = "<group>"; };
		B9C1CBD72AA19E4B004A5AC9 /* Assets.xcassets */ = {isa = PBXFileReference; lastKnownFileType = folder.assetcatalog; path = Assets.xcassets; sourceTree = "<group>"; };
		B9C1CBDA2AA19E4B004A5AC9 /* Base */ = {isa = PBXFileReference; lastKnownFileType = file.storyboard; name = Base; path = Base.lproj/LaunchScreen.storyboard; sourceTree = "<group>"; };
		B9C1CBDC2AA19E4B004A5AC9 /* Info.plist */ = {isa = PBXFileReference; lastKnownFileType = text.plist.xml; path = Info.plist; sourceTree = "<group>"; };
		B9C1CBE12AA19E4B004A5AC9 /* ClimateTests.xctest */ = {isa = PBXFileReference; explicitFileType = wrapper.cfbundle; includeInIndex = 0; path = ClimateTests.xctest; sourceTree = BUILT_PRODUCTS_DIR; };
		B9C1CBE52AA19E4B004A5AC9 /* ClimateTests.swift */ = {isa = PBXFileReference; lastKnownFileType = sourcecode.swift; path = ClimateTests.swift; sourceTree = "<group>"; };
		B9C1CBEB2AA19E4B004A5AC9 /* ClimateUITests.xctest */ = {isa = PBXFileReference; explicitFileType = wrapper.cfbundle; includeInIndex = 0; path = ClimateUITests.xctest; sourceTree = BUILT_PRODUCTS_DIR; };
		B9C1CBEF2AA19E4B004A5AC9 /* ClimateUITests.swift */ = {isa = PBXFileReference; lastKnownFileType = sourcecode.swift; path = ClimateUITests.swift; sourceTree = "<group>"; };
		B9C1CBF12AA19E4B004A5AC9 /* ClimateUITestsLaunchTests.swift */ = {isa = PBXFileReference; lastKnownFileType = sourcecode.swift; path = ClimateUITestsLaunchTests.swift; sourceTree = "<group>"; };
/* End PBXFileReference section */

/* Begin PBXFrameworksBuildPhase section */
		B9C1CBC82AA19E48004A5AC9 /* Frameworks */ = {
			isa = PBXFrameworksBuildPhase;
			buildActionMask = 2147483647;
			files = (
			);
			runOnlyForDeploymentPostprocessing = 0;
		};
		B9C1CBDE2AA19E4B004A5AC9 /* Frameworks */ = {
			isa = PBXFrameworksBuildPhase;
			buildActionMask = 2147483647;
			files = (
			);
			runOnlyForDeploymentPostprocessing = 0;
		};
		B9C1CBE82AA19E4B004A5AC9 /* Frameworks */ = {
			isa = PBXFrameworksBuildPhase;
			buildActionMask = 2147483647;
			files = (
			);
			runOnlyForDeploymentPostprocessing = 0;
		};
/* End PBXFrameworksBuildPhase section */

/* Begin PBXGroup section */
		B9C1CBC22AA19E48004A5AC9 = {
			isa = PBXGroup;
			children = (
				B9C1CBCD2AA19E48004A5AC9 /* Climate */,
				B9C1CBE42AA19E4B004A5AC9 /* ClimateTests */,
				B9C1CBEE2AA19E4B004A5AC9 /* ClimateUITests */,
				B9C1CBCC2AA19E48004A5AC9 /* Products */,
			);
			sourceTree = "<group>";
		};
		B9C1CBCC2AA19E48004A5AC9 /* Products */ = {
			isa = PBXGroup;
			children = (
				B9C1CBCB2AA19E48004A5AC9 /* Climate.app */,
				B9C1CBE12AA19E4B004A5AC9 /* ClimateTests.xctest */,
				B9C1CBEB2AA19E4B004A5AC9 /* ClimateUITests.xctest */,
			);
			name = Products;
			sourceTree = "<group>";
		};
		B9C1CBCD2AA19E48004A5AC9 /* Climate */ = {
			isa = PBXGroup;
			children = (
				B9C1CBCE2AA19E49004A5AC9 /* AppDelegate.swift */,
				B9C1CBD02AA19E49004A5AC9 /* SceneDelegate.swift */,
				B9C1CBD22AA19E49004A5AC9 /* ViewController.swift */,
				B9C1CBD42AA19E49004A5AC9 /* Main.storyboard */,
				B9C1CBD72AA19E4B004A5AC9 /* Assets.xcassets */,
				B9C1CBD92AA19E4B004A5AC9 /* LaunchScreen.storyboard */,
				B9C1CBDC2AA19E4B004A5AC9 /* Info.plist */,
			);
			path = Climate;
			sourceTree = "<group>";
		};
		B9C1CBE42AA19E4B004A5AC9 /* ClimateTests */ = {
			isa = PBXGroup;
			children = (
				B9C1CBE52AA19E4B004A5AC9 /* ClimateTests.swift */,
			);
			path = ClimateTests;
			sourceTree = "<group>";
		};
		B9C1CBEE2AA19E4B004A5AC9 /* ClimateUITests */ = {
			isa = PBXGroup;
			children = (
				B9C1CBEF2AA19E4B004A5AC9 /* ClimateUITests.swift */,
				B9C1CBF12AA19E4B004A5AC9 /* ClimateUITestsLaunchTests.swift */,
			);
			path = ClimateUITests;
			sourceTree = "<group>";
		};
/* End PBXGroup section */

/* Begin PBXNativeTarget section */
		B9C1CBCA2AA19E48004A5AC9 /* Climate */ = {
			isa = PBXNativeTarget;
			buildConfigurationList = B9C1CBF52AA19E4B004A5AC9 /* Build configuration list for PBXNativeTarget "Climate" */;
			buildPhases = (
				B9C1CBC72AA19E48004A5AC9 /* Sources */,
				B9C1CBC82AA19E48004A5AC9 /* Frameworks */,
				B9C1CBC92AA19E48004A5AC9 /* Resources */,
			);
			buildRules = (
			);
			dependencies = (
			);
			name = Climate;
			productName = Climate;
			productReference = B9C1CBCB2AA19E48004A5AC9 /* Climate.app */;
			productType = "com.apple.product-type.application";
		};
		B9C1CBE02AA19E4B004A5AC9 /* ClimateTests */ = {
			isa = PBXNativeTarget;
			buildConfigurationList = B9C1CBF82AA19E4B004A5AC9 /* Build configuration list for PBXNativeTarget "ClimateTests" */;
			buildPhases = (
				B9C1CBDD2AA19E4B004A5AC9 /* Sources */,
				B9C1CBDE2AA19E4B004A5AC9 /* Frameworks */,
				B9C1CBDF2AA19E4B004A5AC9 /* Resources */,
			);
			buildRules = (
			);
			dependencies = (
				B9C1CBE32AA19E4B004A5AC9 /* PBXTargetDependency */,
			);
			name = ClimateTests;
			productName = ClimateTests;
			productReference = B9C1CBE12AA19E4B004A5AC9 /* ClimateTests.xctest */;
			productType = "com.apple.product-type.bundle.unit-test";
		};
		B9C1CBEA2AA19E4B004A5AC9 /* ClimateUITests */ = {
			isa = PBXNativeTarget;
			buildConfigurationList = B9C1CBFB2AA19E4B004A5AC9 /* Build configuration list for PBXNativeTarget "ClimateUITests" */;
			buildPhases = (
				B9C1CBE72AA19E4B004A5AC9 /* Sources */,
				B9C1CBE82AA19E4B004A5AC9 /* Frameworks */,
				B9C1CBE92AA19E4B004A5AC9 /* Resources */,
			);
			buildRules = (
			);
			dependencies = (
				B9C1CBED2AA19E4B004A5AC9 /* PBXTargetDependency */,
			);
			name = ClimateUITests;
			productName = ClimateUITests;
			productReference = B9C1CBEB2AA19E4B004A5AC9 /* ClimateUITests.xctest */;
			productType = "com.apple.product-type.bundle.ui-testing";
		};
/* End PBXNativeTarget section */

/* Begin PBXProject section */
		B9C1CBC32AA19E48004A5AC9 /* Project object */ = {
			isa = PBXProject;
			attributes = {
				BuildIndependentTargetsInParallel = 1;
				LastSwiftUpdateCheck = 1430;
				LastUpgradeCheck = 1430;
				TargetAttributes = {
					B9C1CBCA2AA19E48004A5AC9 = {
						CreatedOnToolsVersion = 14.3.1;
					};
					B9C1CBE02AA19E4B004A5AC9 = {
						CreatedOnToolsVersion = 14.3.1;
						TestTargetID = B9C1CBCA2AA19E48004A5AC9;
					};
					B9C1CBEA2AA19E4B004A5AC9 = {
						CreatedOnToolsVersion = 14.3.1;
						TestTargetID = B9C1CBCA2AA19E48004A5AC9;
					};
				};
			};
			buildConfigurationList = B9C1CBC62AA19E48004A5AC9 /* Build configuration list for PBXProject "Climate" */;
			compatibilityVersion = "Xcode 14.0";
			developmentRegion = en;
			hasScannedForEncodings = 0;
			knownRegions = (
				en,
				Base,
			);
			mainGroup = B9C1CBC22AA19E48004A5AC9;
			productRefGroup = B9C1CBCC2AA19E48004A5AC9 /* Products */;
			projectDirPath = "";
			projectRoot = "";
			targets = (
				B9C1CBCA2AA19E48004A5AC9 /* Climate */,
				B9C1CBE02AA19E4B004A5AC9 /* ClimateTests */,
				B9C1CBEA2AA19E4B004A5AC9 /* ClimateUITests */,
			);
		};
/* End PBXProject section */

/* Begin PBXResourcesBuildPhase section */
		B9C1CBC92AA19E48004A5AC9 /* Resources */ = {
			isa = PBXResourcesBuildPhase;
			buildActionMask = 2147483647;
			files = (
				B9C1CBDB2AA19E4B004A5AC9 /* LaunchScreen.storyboard in Resources */,
				B9C1CBD82AA19E4B004A5AC9 /* Assets.xcassets in Resources */,
				B9C1CBD62AA19E49004A5AC9 /* Main.storyboard in Resources */,
			);
			runOnlyForDeploymentPostprocessing = 0;
		};
		B9C1CBDF2AA19E4B004A5AC9 /* Resources */ = {
			isa = PBXResourcesBuildPhase;
			buildActionMask = 2147483647;
			files = (
			);
			runOnlyForDeploymentPostprocessing = 0;
		};
		B9C1CBE92AA19E4B004A5AC9 /* Resources */ = {
			isa = PBXResourcesBuildPhase;
			buildActionMask = 2147483647;
			files = (
			);
			runOnlyForDeploymentPostprocessing = 0;
		};
/* End PBXResourcesBuildPhase section */

/* Begin PBXSourcesBuildPhase section */
		B9C1CBC72AA19E48004A5AC9 /* Sources */ = {
			isa = PBXSourcesBuildPhase;
			buildActionMask = 2147483647;
			files = (
				B9C1CBD32AA19E49004A5AC9 /* ViewController.swift in Sources */,
				B9C1CBCF2AA19E49004A5AC9 /* AppDelegate.swift in Sources */,
				B9C1CBD12AA19E49004A5AC9 /* SceneDelegate.swift in Sources */,
			);
			runOnlyForDeploymentPostprocessing = 0;
		};
		B9C1CBDD2AA19E4B004A5AC9 /* Sources */ = {
			isa = PBXSourcesBuildPhase;
			buildActionMask = 2147483647;
			files = (
				B9C1CBE62AA19E4B004A5AC9 /* ClimateTests.swift in Sources */,
			);
			runOnlyForDeploymentPostprocessing = 0;
		};
		B9C1CBE72AA19E4B004A5AC9 /* Sources */ = {
			isa = PBXSourcesBuildPhase;
			buildActionMask = 2147483647;
			files = (
				B9C1CBF22AA19E4B004A5AC9 /* ClimateUITestsLaunchTests.swift in Sources */,
				B9C1CBF02AA19E4B004A5AC9 /* ClimateUITests.swift in Sources */,
			);
			runOnlyForDeploymentPostprocessing = 0;
		};
/* End PBXSourcesBuildPhase section */

/* Begin PBXTargetDependency section */
		B9C1CBE32AA19E4B004A5AC9 /* PBXTargetDependency */ = {
			isa = PBXTargetDependency;
			target = B9C1CBCA2AA19E48004A5AC9 /* Climate */;
			targetProxy = B9C1CBE22AA19E4B004A5AC9 /* PBXContainerItemProxy */;
		};
		B9C1CBED2AA19E4B004A5AC9 /* PBXTargetDependency */ = {
			isa = PBXTargetDependency;
			target = B9C1CBCA2AA19E48004A5AC9 /* Climate */;
			targetProxy = B9C1CBEC2AA19E4B004A5AC9 /* PBXContainerItemProxy */;
		};
/* End PBXTargetDependency section */

/* Begin PBXVariantGroup section */
		B9C1CBD42AA19E49004A5AC9 /* Main.storyboard */ = {
			isa = PBXVariantGroup;
			children = (
				B9C1CBD52AA19E49004A5AC9 /* Base */,
			);
			name = Main.storyboard;
			sourceTree = "<group>";
		};
		B9C1CBD92AA19E4B004A5AC9 /* LaunchScreen.storyboard */ = {
			isa = PBXVariantGroup;
			children = (
				B9C1CBDA2AA19E4B004A5AC9 /* Base */,
			);
			name = LaunchScreen.storyboard;
			sourceTree = "<group>";
		};
/* End PBXVariantGroup section */

/* Begin XCBuildConfiguration section */
		B9C1CBF32AA19E4B004A5AC9 /* Debug */ = {
			isa = XCBuildConfiguration;
			buildSettings = {
				ALWAYS_SEARCH_USER_PATHS = NO;
				CLANG_ANALYZER_NONNULL = YES;
				CLANG_ANALYZER_NUMBER_OBJECT_CONVERSION = YES_AGGRESSIVE;
				CLANG_CXX_LANGUAGE_STANDARD = "gnu++20";
				CLANG_ENABLE_MODULES = YES;
				CLANG_ENABLE_OBJC_ARC = YES;
				CLANG_ENABLE_OBJC_WEAK = YES;
				CLANG_WARN_BLOCK_CAPTURE_AUTORELEASING = YES;
				CLANG_WARN_BOOL_CONVERSION = YES;
				CLANG_WARN_COMMA = YES;
				CLANG_WARN_CONSTANT_CONVERSION = YES;
				CLANG_WARN_DEPRECATED_OBJC_IMPLEMENTATIONS = YES;
				CLANG_WARN_DIRECT_OBJC_ISA_USAGE = YES_ERROR;
				CLANG_WARN_DOCUMENTATION_COMMENTS = YES;
				CLANG_WARN_EMPTY_BODY = YES;
				CLANG_WARN_ENUM_CONVERSION = YES;
				CLANG_WARN_INFINITE_RECURSION = YES;
				CLANG_WARN_INT_CONVERSION = YES;
				CLANG_WARN_NON_LITERAL_NULL_CONVERSION = YES;
				CLANG_WARN_OBJC_IMPLICIT_RETAIN_SELF = YES;
				CLANG_WARN_OBJC_LITERAL_CONVERSION = YES;
				CLANG_WARN_OBJC_ROOT_CLASS = YES_ERROR;
				CLANG_WARN_QUOTED_INCLUDE_IN_FRAMEWORK_HEADER = YES;
				CLANG_WARN_RANGE_LOOP_ANALYSIS = YES;
				CLANG_WARN_STRICT_PROTOTYPES = YES;
				CLANG_WARN_SUSPICIOUS_MOVE = YES;
				CLANG_WARN_UNGUARDED_AVAILABILITY = YES_AGGRESSIVE;
				CLANG_WARN_UNREACHABLE_CODE = YES;
				CLANG_WARN__DUPLICATE_METHOD_MATCH = YES;
				COPY_PHASE_STRIP = NO;
				DEBUG_INFORMATION_FORMAT = dwarf;
				ENABLE_STRICT_OBJC_MSGSEND = YES;
				ENABLE_TESTABILITY = YES;
				GCC_C_LANGUAGE_STANDARD = gnu11;
				GCC_DYNAMIC_NO_PIC = NO;
				GCC_NO_COMMON_BLOCKS = YES;
				GCC_OPTIMIZATION_LEVEL = 0;
				GCC_PREPROCESSOR_DEFINITIONS = (
					"DEBUG=1",
					"$(inherited)",
				);
				GCC_WARN_64_TO_32_BIT_CONVERSION = YES;
				GCC_WARN_ABOUT_RETURN_TYPE = YES_ERROR;
				GCC_WARN_UNDECLARED_SELECTOR = YES;
				GCC_WARN_UNINITIALIZED_AUTOS = YES_AGGRESSIVE;
				GCC_WARN_UNUSED_FUNCTION = YES;
				GCC_WARN_UNUSED_VARIABLE = YES;
				IPHONEOS_DEPLOYMENT_TARGET = 16.4;
				MTL_ENABLE_DEBUG_INFO = INCLUDE_SOURCE;
				MTL_FAST_MATH = YES;
				ONLY_ACTIVE_ARCH = YES;
				SDKROOT = iphoneos;
				SWIFT_ACTIVE_COMPILATION_CONDITIONS = DEBUG;
				SWIFT_OPTIMIZATION_LEVEL = "-Onone";
			};
			name = Debug;
		};
		B9C1CBF42AA19E4B004A5AC9 /* Release */ = {
			isa = XCBuildConfiguration;
			buildSettings = {
				ALWAYS_SEARCH_USER_PATHS = NO;
				CLANG_ANALYZER_NONNULL = YES;
				CLANG_ANALYZER_NUMBER_OBJECT_CONVERSION = YES_AGGRESSIVE;
				CLANG_CXX_LANGUAGE_STANDARD = "gnu++20";
				CLANG_ENABLE_MODULES = YES;
				CLANG_ENABLE_OBJC_ARC = YES;
				CLANG_ENABLE_OBJC_WEAK = YES;
				CLANG_WARN_BLOCK_CAPTURE_AUTORELEASING = YES;
				CLANG_WARN_BOOL_CONVERSION = YES;
				CLANG_WARN_COMMA = YES;
				CLANG_WARN_CONSTANT_CONVERSION = YES;
				CLANG_WARN_DEPRECATED_OBJC_IMPLEMENTATIONS = YES;
				CLANG_WARN_DIRECT_OBJC_ISA_USAGE = YES_ERROR;
				CLANG_WARN_DOCUMENTATION_COMMENTS = YES;
				CLANG_WARN_EMPTY_BODY = YES;
				CLANG_WARN_ENUM_CONVERSION = YES;
				CLANG_WARN_INFINITE_RECURSION = YES;
				CLANG_WARN_INT_CONVERSION = YES;
				CLANG_WARN_NON_LITERAL_NULL_CONVERSION = YES;
				CLANG_WARN_OBJC_IMPLICIT_RETAIN_SELF = YES;
				CLANG_WARN_OBJC_LITERAL_CONVERSION = YES;
				CLANG_WARN_OBJC_ROOT_CLASS = YES_ERROR;
				CLANG_WARN_QUOTED_INCLUDE_IN_FRAMEWORK_HEADER = YES;
				CLANG_WARN_RANGE_LOOP_ANALYSIS = YES;
				CLANG_WARN_STRICT_PROTOTYPES = YES;
				CLANG_WARN_SUSPICIOUS_MOVE = YES;
				CLANG_WARN_UNGUARDED_AVAILABILITY = YES_AGGRESSIVE;
				CLANG_WARN_UNREACHABLE_CODE = YES;
				CLANG_WARN__DUPLICATE_METHOD_MATCH = YES;
				COPY_PHASE_STRIP = NO;
				DEBUG_INFORMATION_FORMAT = "dwarf-with-dsym";
				ENABLE_NS_ASSERTIONS = NO;
				ENABLE_STRICT_OBJC_MSGSEND = YES;
				GCC_C_LANGUAGE_STANDARD = gnu11;
				GCC_NO_COMMON_BLOCKS = YES;
				GCC_WARN_64_TO_32_BIT_CONVERSION = YES;
				GCC_WARN_ABOUT_RETURN_TYPE = YES_ERROR;
				GCC_WARN_UNDECLARED_SELECTOR = YES;
				GCC_WARN_UNINITIALIZED_AUTOS = YES_AGGRESSIVE;
				GCC_WARN_UNUSED_FUNCTION = YES;
				GCC_WARN_UNUSED_VARIABLE = YES;
				IPHONEOS_DEPLOYMENT_TARGET = 16.4;
				MTL_ENABLE_DEBUG_INFO = NO;
				MTL_FAST_MATH = YES;
				SDKROOT = iphoneos;
				SWIFT_COMPILATION_MODE = wholemodule;
				SWIFT_OPTIMIZATION_LEVEL = "-O";
				VALIDATE_PRODUCT = YES;
			};
			name = Release;
		};
		B9C1CBF62AA19E4B004A5AC9 /* Debug */ = {
			isa = XCBuildConfiguration;
			buildSettings = {
				ASSETCATALOG_COMPILER_APPICON_NAME = AppIcon;
				ASSETCATALOG_COMPILER_GLOBAL_ACCENT_COLOR_NAME = AccentColor;
				CODE_SIGN_STYLE = Automatic;
				CURRENT_PROJECT_VERSION = 1;
				DEVELOPMENT_TEAM = M46DPRX7BA;
				GENERATE_INFOPLIST_FILE = YES;
				INFOPLIST_FILE = Climate/Info.plist;
				INFOPLIST_KEY_UIApplicationSupportsIndirectInputEvents = YES;
				INFOPLIST_KEY_UILaunchStoryboardName = LaunchScreen;
				INFOPLIST_KEY_UIMainStoryboardFile = Main;
				INFOPLIST_KEY_UISupportedInterfaceOrientations_iPad = "UIInterfaceOrientationPortrait UIInterfaceOrientationPortraitUpsideDown UIInterfaceOrientationLandscapeLeft UIInterfaceOrientationLandscapeRight";
				INFOPLIST_KEY_UISupportedInterfaceOrientations_iPhone = "UIInterfaceOrientationPortrait UIInterfaceOrientationLandscapeLeft UIInterfaceOrientationLandscapeRight";
				LD_RUNPATH_SEARCH_PATHS = (
					"$(inherited)",
					"@executable_path/Frameworks",
				);
				MARKETING_VERSION = 1.0;
				PRODUCT_BUNDLE_IDENTIFIER = com.rishabhlalwani.Climate;
				PRODUCT_NAME = "$(TARGET_NAME)";
				SWIFT_EMIT_LOC_STRINGS = YES;
				SWIFT_VERSION = 5.0;
				TARGETED_DEVICE_FAMILY = "1,2";
			};
			name = Debug;
		};
		B9C1CBF72AA19E4B004A5AC9 /* Release */ = {
			isa = XCBuildConfiguration;
			buildSettings = {
				ASSETCATALOG_COMPILER_APPICON_NAME = AppIcon;
				ASSETCATALOG_COMPILER_GLOBAL_ACCENT_COLOR_NAME = AccentColor;
				CODE_SIGN_STYLE = Automatic;
				CURRENT_PROJECT_VERSION = 1;
				DEVELOPMENT_TEAM = M46DPRX7BA;
				GENERATE_INFOPLIST_FILE = YES;
				INFOPLIST_FILE = Climate/Info.plist;
				INFOPLIST_KEY_UIApplicationSupportsIndirectInputEvents = YES;
				INFOPLIST_KEY_UILaunchStoryboardName = LaunchScreen;
				INFOPLIST_KEY_UIMainStoryboardFile = Main;
				INFOPLIST_KEY_UISupportedInterfaceOrientations_iPad = "UIInterfaceOrientationPortrait UIInterfaceOrientationPortraitUpsideDown UIInterfaceOrientationLandscapeLeft UIInterfaceOrientationLandscapeRight";
				INFOPLIST_KEY_UISupportedInterfaceOrientations_iPhone = "UIInterfaceOrientationPortrait UIInterfaceOrientationLandscapeLeft UIInterfaceOrientationLandscapeRight";
				LD_RUNPATH_SEARCH_PATHS = (
					"$(inherited)",
					"@executable_path/Frameworks",
				);
				MARKETING_VERSION = 1.0;
				PRODUCT_BUNDLE_IDENTIFIER = com.rishabhlalwani.Climate;
				PRODUCT_NAME = "$(TARGET_NAME)";
				SWIFT_EMIT_LOC_STRINGS = YES;
				SWIFT_VERSION = 5.0;
				TARGETED_DEVICE_FAMILY = "1,2";
			};
			name = Release;
		};
		B9C1CBF92AA19E4B004A5AC9 /* Debug */ = {
			isa = XCBuildConfiguration;
			buildSettings = {
				ALWAYS_EMBED_SWIFT_STANDARD_LIBRARIES = YES;
				BUNDLE_LOADER = "$(TEST_HOST)";
				CODE_SIGN_STYLE = Automatic;
				CURRENT_PROJECT_VERSION = 1;
				DEVELOPMENT_TEAM = M46DPRX7BA;
				GENERATE_INFOPLIST_FILE = YES;
				IPHONEOS_DEPLOYMENT_TARGET = 16.4;
				MARKETING_VERSION = 1.0;
				PRODUCT_BUNDLE_IDENTIFIER = com.rishabhlalwani.ClimateTests;
				PRODUCT_NAME = "$(TARGET_NAME)";
				SWIFT_EMIT_LOC_STRINGS = NO;
				SWIFT_VERSION = 5.0;
				TARGETED_DEVICE_FAMILY = "1,2";
				TEST_HOST = "$(BUILT_PRODUCTS_DIR)/Climate.app/$(BUNDLE_EXECUTABLE_FOLDER_PATH)/Climate";
			};
			name = Debug;
		};
		B9C1CBFA2AA19E4B004A5AC9 /* Release */ = {
			isa = XCBuildConfiguration;
			buildSettings = {
				ALWAYS_EMBED_SWIFT_STANDARD_LIBRARIES = YES;
				BUNDLE_LOADER = "$(TEST_HOST)";
				CODE_SIGN_STYLE = Automatic;
				CURRENT_PROJECT_VERSION = 1;
				DEVELOPMENT_TEAM = M46DPRX7BA;
				GENERATE_INFOPLIST_FILE = YES;
				IPHONEOS_DEPLOYMENT_TARGET = 16.4;
				MARKETING_VERSION = 1.0;
				PRODUCT_BUNDLE_IDENTIFIER = com.rishabhlalwani.ClimateTests;
				PRODUCT_NAME = "$(TARGET_NAME)";
				SWIFT_EMIT_LOC_STRINGS = NO;
				SWIFT_VERSION = 5.0;
				TARGETED_DEVICE_FAMILY = "1,2";
				TEST_HOST = "$(BUILT_PRODUCTS_DIR)/Climate.app/$(BUNDLE_EXECUTABLE_FOLDER_PATH)/Climate";
			};
			name = Release;
		};
		B9C1CBFC2AA19E4B004A5AC9 /* Debug */ = {
			isa = XCBuildConfiguration;
			buildSettings = {
				ALWAYS_EMBED_SWIFT_STANDARD_LIBRARIES = YES;
				CODE_SIGN_STYLE = Automatic;
				CURRENT_PROJECT_VERSION = 1;
				DEVELOPMENT_TEAM = M46DPRX7BA;
				GENERATE_INFOPLIST_FILE = YES;
				MARKETING_VERSION = 1.0;
				PRODUCT_BUNDLE_IDENTIFIER = com.rishabhlalwani.ClimateUITests;
				PRODUCT_NAME = "$(TARGET_NAME)";
				SWIFT_EMIT_LOC_STRINGS = NO;
				SWIFT_VERSION = 5.0;
				TARGETED_DEVICE_FAMILY = "1,2";
				TEST_TARGET_NAME = Climate;
			};
			name = Debug;
		};
		B9C1CBFD2AA19E4B004A5AC9 /* Release */ = {
			isa = XCBuildConfiguration;
			buildSettings = {
				ALWAYS_EMBED_SWIFT_STANDARD_LIBRARIES = YES;
				CODE_SIGN_STYLE = Automatic;
				CURRENT_PROJECT_VERSION = 1;
				DEVELOPMENT_TEAM = M46DPRX7BA;
				GENERATE_INFOPLIST_FILE = YES;
				MARKETING_VERSION = 1.0;
				PRODUCT_BUNDLE_IDENTIFIER = com.rishabhlalwani.ClimateUITests;
				PRODUCT_NAME = "$(TARGET_NAME)";
				SWIFT_EMIT_LOC_STRINGS = NO;
				SWIFT_VERSION = 5.0;
				TARGETED_DEVICE_FAMILY = "1,2";
				TEST_TARGET_NAME = Climate;
			};
			name = Release;
		};
/* End XCBuildConfiguration section */

/* Begin XCConfigurationList section */
		B9C1CBC62AA19E48004A5AC9 /* Build configuration list for PBXProject "Climate" */ = {
			isa = XCConfigurationList;
			buildConfigurations = (
				B9C1CBF32AA19E4B004A5AC9 /* Debug */,
				B9C1CBF42AA19E4B004A5AC9 /* Release */,
			);
			defaultConfigurationIsVisible = 0;
			defaultConfigurationName = Release;
		};
		B9C1CBF52AA19E4B004A5AC9 /* Build configuration list for PBXNativeTarget "Climate" */ = {
			isa = XCConfigurationList;
			buildConfigurations = (
				B9C1CBF62AA19E4B004A5AC9 /* Debug */,
				B9C1CBF72AA19E4B004A5AC9 /* Release */,
			);
			defaultConfigurationIsVisible = 0;
			defaultConfigurationName = Release;
		};
		B9C1CBF82AA19E4B004A5AC9 /* Build configuration list for PBXNativeTarget "ClimateTests" */ = {
			isa = XCConfigurationList;
			buildConfigurations = (
				B9C1CBF92AA19E4B004A5AC9 /* Debug */,
				B9C1CBFA2AA19E4B004A5AC9 /* Release */,
			);
			defaultConfigurationIsVisible = 0;
			defaultConfigurationName = Release;
		};
		B9C1CBFB2AA19E4B004A5AC9 /* Build configuration list for PBXNativeTarget "ClimateUITests" */ = {
			isa = XCConfigurationList;
			buildConfigurations = (
				B9C1CBFC2AA19E4B004A5AC9 /* Debug */,
				B9C1CBFD2AA19E4B004A5AC9 /* Release */,
			);
			defaultConfigurationIsVisible = 0;
			defaultConfigurationName = Release;
		};
/* End XCConfigurationList section */
	};
	rootObject = B9C1CBC32AA19E48004A5AC9 /* Project object */;
}
